
Microsoft Visual Studio Solution File, Format Version 12.00
# Visual Studio Version 16
VisualStudioVersion = 16.0.31112.23
MinimumVisualStudioVersion = 10.0.40219.1
Project("{FAE04EC0-301F-11D3-BF4B-00C04F79EFBC}") = "QuanLyCuaHangThoiTrangKD", "QuanLyCuaHangThoiTrangKD\QuanLyCuaHangThoiTrangKD.csproj", "{036C033F-CAEA-4116-8111-6CC81266A4BA}"
EndProject
Global
	GlobalSection(SolutionConfigurationPlatforms) = preSolution
		Debug|Any CPU = Debug|Any CPU
		Release|Any CPU = Release|Any CPU
	EndGlobalSection
	GlobalSection(ProjectConfigurationPlatforms) = postSolution
		{036C033F-CAEA-4116-8111-6CC81266A4BA}.Debug|Any CPU.ActiveCfg = Debug|Any CPU
		{036C033F-CAEA-4116-8111-6CC81266A4BA}.Debug|Any CPU.Build.0 = Debug|Any CPU
		{036C033F-CAEA-4116-8111-6CC81266A4BA}.Release|Any CPU.ActiveCfg = Release|Any CPU
		{036C033F-CAEA-4116-8111-6CC81266A4BA}.Release|Any CPU.Build.0 = Release|Any CPU
	EndGlobalSection
	GlobalSection(SolutionProperties) = preSolution
		HideSolutionNode = FALSE
	EndGlobalSection
	GlobalSection(ExtensibilityGlobals) = postSolution
		SolutionGuid = {1240251E-C95A-4352-B510-86FFAAB5233C}
	EndGlobalSection
EndGlobal
